
Microsoft Visual Studio Solution File, Format Version 12.00
# Visual Studio 15
VisualStudioVersion = 15.0.26430.14
MinimumVisualStudioVersion = 10.0.40219.1
Project("{FAE04EC0-301F-11D3-BF4B-00C04F79EFBC}") = "OdeToFood", "OdeToFood\OdeToFood.csproj", "{6FFEC3D4-A793-4A7B-84CB-8FBEE985A964}"
EndProject
Global
	GlobalSection(SolutionConfigurationPlatforms) = preSolution
		Debug|Any CPU = Debug|Any CPU
		Release|Any CPU = Release|Any CPU
	EndGlobalSection
	GlobalSection(ProjectConfigurationPlatforms) = postSolution
		{6FFEC3D4-A793-4A7B-84CB-8FBEE985A964}.Debug|Any CPU.ActiveCfg = Debug|Any CPU
		{6FFEC3D4-A793-4A7B-84CB-8FBEE985A964}.Debug|Any CPU.Build.0 = Debug|Any CPU
		{6FFEC3D4-A793-4A7B-84CB-8FBEE985A964}.Release|Any CPU.ActiveCfg = Release|Any CPU
		{6FFEC3D4-A793-4A7B-84CB-8FBEE985A964}.Release|Any CPU.Build.0 = Release|Any CPU
	EndGlobalSection
	GlobalSection(SolutionProperties) = preSolution
		HideSolutionNode = FALSE
	EndGlobalSection
EndGlobal
